
Microsoft Visual Studio Solution File, Format Version 12.00
# Visual Studio Version 16
VisualStudioVersion = 16.0.29020.237
MinimumVisualStudioVersion = 10.0.40219.1
Project("{8BC9CEB8-8B4A-11D0-8D11-00A0C91BC942}") = "Lab1", "..\Lab1\Lab1.vcxproj", "{0BB14FC9-96AD-407C-9604-84640C1336E8}"
EndProject
Project("{8BC9CEB8-8B4A-11D0-8D11-00A0C91BC942}") = "Lab2", "Lab2\Lab2.vcxproj", "{ECD7E742-8A05-47E4-A4A7-7C9978D9B5CD}"
EndProject
Global
	GlobalSection(SolutionConfigurationPlatforms) = preSolution
		Debug|x64 = Debug|x64
		Debug|x86 = Debug|x86
		Release|x64 = Release|x64
		Release|x86 = Release|x86
	EndGlobalSection
	GlobalSection(ProjectConfigurationPlatforms) = postSolution
		{0BB14FC9-96AD-407C-9604-84640C1336E8}.Debug|x64.ActiveCfg = Debug|x64
		{0BB14FC9-96AD-407C-9604-84640C1336E8}.Debug|x64.Build.0 = Debug|x64
		{0BB14FC9-96AD-407C-9604-84640C1336E8}.Debug|x86.ActiveCfg = Debug|Win32
		{0BB14FC9-96AD-407C-9604-84640C1336E8}.Debug|x86.Build.0 = Debug|Win32
		{0BB14FC9-96AD-407C-9604-84640C1336E8}.Release|x64.ActiveCfg = Release|x64
		{0BB14FC9-96AD-407C-9604-84640C1336E8}.Release|x64.Build.0 = Release|x64
		{0BB14FC9-96AD-407C-9604-84640C1336E8}.Release|x86.ActiveCfg = Release|Win32
		{0BB14FC9-96AD-407C-9604-84640C1336E8}.Release|x86.Build.0 = Release|Win32
		{ECD7E742-8A05-47E4-A4A7-7C9978D9B5CD}.Debug|x64.ActiveCfg = Debug|x64
		{ECD7E742-8A05-47E4-A4A7-7C9978D9B5CD}.Debug|x64.Build.0 = Debug|x64
		{ECD7E742-8A05-47E4-A4A7-7C9978D9B5CD}.Debug|x86.ActiveCfg = Debug|Win32
		{ECD7E742-8A05-47E4-A4A7-7C9978D9B5CD}.Debug|x86.Build.0 = Debug|Win32
		{ECD7E742-8A05-47E4-A4A7-7C9978D9B5CD}.Release|x64.ActiveCfg = Release|x64
		{ECD7E742-8A05-47E4-A4A7-7C9978D9B5CD}.Release|x64.Build.0 = Release|x64
		{ECD7E742-8A05-47E4-A4A7-7C9978D9B5CD}.Release|x86.ActiveCfg = Release|Win32
		{ECD7E742-8A05-47E4-A4A7-7C9978D9B5CD}.Release|x86.Build.0 = Release|Win32
	EndGlobalSection
	GlobalSection(SolutionProperties) = preSolution
		HideSolutionNode = FALSE
	EndGlobalSection
	GlobalSection(ExtensibilityGlobals) = postSolution
		SolutionGuid = {3D671405-6A8A-4353-B679-6E8F2AF3487D}
	EndGlobalSection
EndGlobal
